{
  "requires": true,
  "lockfileVersion": 1,
  "dependencies": {
    "commander": {
      "version": "2.20.0",
      "resolved": "https://registry.npmjs.org/commander/-/commander-2.20.0.tgz",
      "integrity": "sha512-7j2y+40w61zy6YC2iRNpUe/NwhNyoXrYpHMrSunaMG64nRnaf96zO/KMQR4OyN/UnE5KLyEBnKHd4aG3rskjpQ=="
    },
    "echarts": {
      "version": "4.2.1",
      "resolved": "https://registry.npmjs.org/echarts/-/echarts-4.2.1.tgz",
      "integrity": "sha512-pw4xScRPsLegD/cqEcoXRKeA2SD4+s+Kyo0Na166NamOWhzNl2yI5RZ2rE97tBlAopNmhyMeBVpAeD5qb+ee1A==",
      "requires": {
        "zrender": "4.0.7"
      }
    },
    "jquery": {
      "version": "3.4.1",
      "resolved": "https://registry.npmjs.org/jquery/-/jquery-3.4.1.tgz",
      "integrity": "sha512-36+AdBzCL+y6qjw5Tx7HgzeGCzC81MDDgaUP8ld2zhx58HdqXGoBd+tHdrBMiyjGQs0Hxs/MLZTu/eHNJJuWPw=="
    },
    "mockjs": {
      "version": "1.0.1-beta3",
      "resolved": "https://registry.npmjs.org/mockjs/-/mockjs-1.0.1-beta3.tgz",
      "integrity": "sha1-0jTzwnJWOXVk8slVFC6JGQlTcgk=",
      "requires": {
        "commander": "*"
      }
    },
    "zrender": {
      "version": "4.0.7",
      "resolved": "https://registry.npmjs.org/zrender/-/zrender-4.0.7.tgz",
      "integrity": "sha512-TNloHe0ums6zxbHfnaCryM61J4IWDajZwNq6dHk9vfWhhysO/OeFvvR0drBs/nbXha2YxSzfQj2FiCd6RVBe+Q=="
    }
  }
}
