{
  "requires": true,
  "lockfileVersion": 1,
  "dependencies": {
    "ast-types": {
      "version": "0.12.4",
      "resolved": "https://registry.npmjs.org/ast-types/-/ast-types-0.12.4.tgz",
      "integrity": "sha512-ky/YVYCbtVAS8TdMIaTiPFHwEpRB5z1hctepJplTr3UW5q8TDrpIMCILyk8pmLxGtn2KCtC/lSn7zOsaI7nzDw=="
    },
    "esprima": {
      "version": "4.0.1",
      "resolved": "https://registry.npmjs.org/esprima/-/esprima-4.0.1.tgz",
      "integrity": "sha512-eGuFFw7Upda+g4p+QHvnW0RyTX/SVeJBDM/gCtMARO0cLuT2HcEKnTPvhjV6aGeqrCB/sbNop0Kszm0jsaWU4A=="
    },
    "private": {
      "version": "0.1.8",
      "resolved": "https://registry.npmjs.org/private/-/private-0.1.8.tgz",
      "integrity": "sha512-VvivMrbvd2nKkiG38qjULzlc+4Vx4wm/whI9pQD35YrARNnhxeiRktSOhSukRLFNlzg6Br/cJPet5J/u19r/mg=="
    },
    "recast": {
      "version": "0.17.6",
      "resolved": "https://registry.npmjs.org/recast/-/recast-0.17.6.tgz",
      "integrity": "sha512-yoQRMRrK1lszNtbkGyM4kN45AwylV5hMiuEveUBlxytUViWevjvX6w+tzJt1LH4cfUhWt4NZvy3ThIhu6+m5wQ==",
      "requires": {
        "ast-types": "0.12.4",
        "esprima": "~4.0.0",
        "private": "^0.1.8",
        "source-map": "~0.6.1"
      }
    },
    "source-map": {
      "version": "0.6.1",
      "resolved": "https://registry.npmjs.org/source-map/-/source-map-0.6.1.tgz",
      "integrity": "sha512-UjgapumWlbMhkBgzT7Ykc5YXUT46F0iKu8SGXq0bcwP5dz/h0Plj6enJqjz1Zbq2l5WaqYnrVbwWOWMyF3F47g=="
    }
  }
}
